
Microsoft Visual Studio Solution File, Format Version 12.00
# Visual Studio Version 17
VisualStudioVersion = 17.8.34511.84
MinimumVisualStudioVersion = 10.0.40219.1
Project("{FAE04EC0-301F-11D3-BF4B-00C04F79EFBC}") = "SchoolManagementDotNet8Angular17MaterialTailwindAPI", "SchoolManagementDotNet8Angular17MaterialTailwindAPI\SchoolManagementDotNet8Angular17MaterialTailwindAPI.csproj", "{D70ED639-84DA-43AA-8B92-9779E4B24FF8}"
EndProject
Global
	GlobalSection(SolutionConfigurationPlatforms) = preSolution
		Debug|Any CPU = Debug|Any CPU
		Release|Any CPU = Release|Any CPU
	EndGlobalSection
	GlobalSection(ProjectConfigurationPlatforms) = postSolution
		{D70ED639-84DA-43AA-8B92-9779E4B24FF8}.Debug|Any CPU.ActiveCfg = Debug|Any CPU
		{D70ED639-84DA-43AA-8B92-9779E4B24FF8}.Debug|Any CPU.Build.0 = Debug|Any CPU
		{D70ED639-84DA-43AA-8B92-9779E4B24FF8}.Release|Any CPU.ActiveCfg = Release|Any CPU
		{D70ED639-84DA-43AA-8B92-9779E4B24FF8}.Release|Any CPU.Build.0 = Release|Any CPU
	EndGlobalSection
	GlobalSection(SolutionProperties) = preSolution
		HideSolutionNode = FALSE
	EndGlobalSection
	GlobalSection(ExtensibilityGlobals) = postSolution
		SolutionGuid = {02A98B5E-47BB-4DB8-B60A-BF16436E9234}
	EndGlobalSection
EndGlobal
